{
  "name": "add-payment-mathod",
  "version": "1.0.0",
  "lockfileVersion": 1,
  "requires": true,
  "dependencies": {
    "@bigcommerce/request-sender": {
      "version": "1.2.0",
      "resolved": "https://registry.npmjs.org/@bigcommerce/request-sender/-/request-sender-1.2.0.tgz",
      "integrity": "sha512-5Z+BTqvIWwYdtEEdZHmwbkHYJaTZDbOIbswFUNWqH1jkItKUbRBCCCAVGTwOpXsdrsqPQAaUcaBZA4Np357jyQ==",
      "requires": {
        "@types/js-cookie": "^2.2.6",
        "@types/query-string": "^5.1.0",
        "js-cookie": "^2.2.1",
        "lodash.merge": "^4.6.2",
        "query-string": "^5.1.1",
        "tslib": "^1.11.0"
      }
    },
    "@bigcommerce/script-loader": {
      "version": "2.2.2",
      "resolved": "https://registry.npmjs.org/@bigcommerce/script-loader/-/script-loader-2.2.2.tgz",
      "integrity": "sha512-BpMo7R4swcuiYGUVa8yaShdw/+rUHbMLyNL/u0te7sD6xZtW2B4uCRehasxal0vYxoI5hx764kni84AdH+6mNw==",
      "requires": {
        "@bigcommerce/request-sender": "^1.1.0",
        "tslib": "^1.10.0"
      }
    },
    "@types/js-cookie": {
      "version": "2.2.7",
      "resolved": "https://registry.npmjs.org/@types/js-cookie/-/js-cookie-2.2.7.tgz",
      "integrity": "sha512-aLkWa0C0vO5b4Sr798E26QgOkss68Un0bLjs7u9qxzPT5CG+8DuNTffWES58YzJs3hrVAOs1wonycqEBqNJubA=="
    },
    "@types/query-string": {
      "version": "5.1.0",
      "resolved": "https://registry.npmjs.org/@types/query-string/-/query-string-5.1.0.tgz",
      "integrity": "sha512-9/sJK+T04pNq7uwReR0CLxqXj1dhxiTapZ1tIxA0trEsT6FRS0bz09YMcMb7tsVBTm4RJ0NEBYGsAjoEmqoFXg=="
    },
    "decode-uri-component": {
      "version": "0.2.0",
      "resolved": "https://registry.npmjs.org/decode-uri-component/-/decode-uri-component-0.2.0.tgz",
      "integrity": "sha512-hjf+xovcEn31w/EUYdTXQh/8smFL/dzYjohQGEIgjyNavaJfBY2p5F527Bo1VPATxv0VYTUC2bOcXvqFwk78Og=="
    },
    "js-cookie": {
      "version": "2.2.1",
      "resolved": "https://registry.npmjs.org/js-cookie/-/js-cookie-2.2.1.tgz",
      "integrity": "sha512-HvdH2LzI/EAZcUwA8+0nKNtWHqS+ZmijLA30RwZA0bo7ToCckjK5MkGhjED9KoRcXO6BaGI3I9UIzSA1FKFPOQ=="
    },
    "lodash.merge": {
      "version": "4.6.2",
      "resolved": "https://registry.npmjs.org/lodash.merge/-/lodash.merge-4.6.2.tgz",
      "integrity": "sha512-0KpjqXRVvrYyCsX1swR/XTK0va6VQkQM6MNo7PqW77ByjAhoARA8EfrP1N4+KlKj8YS0ZUCtRT/YUuhyYDujIQ=="
    },
    "object-assign": {
      "version": "4.1.1",
      "resolved": "https://registry.npmjs.org/object-assign/-/object-assign-4.1.1.tgz",
      "integrity": "sha512-rJgTQnkUnH1sFw8yT6VSU3zD3sWmu6sZhIseY8VX+GRu3P6F7Fu+JNDoXfklElbLJSnc3FUQHVe4cU5hj+BcUg=="
    },
    "query-string": {
      "version": "5.1.1",
      "resolved": "https://registry.npmjs.org/query-string/-/query-string-5.1.1.tgz",
      "integrity": "sha512-gjWOsm2SoGlgLEdAGt7a6slVOk9mGiXmPFMqrEhLQ68rhQuBnpfs3+EmlvqKyxnCo9/PPlF+9MtY02S1aFg+Jw==",
      "requires": {
        "decode-uri-component": "^0.2.0",
        "object-assign": "^4.1.0",
        "strict-uri-encode": "^1.0.0"
      }
    },
    "strict-uri-encode": {
      "version": "1.1.0",
      "resolved": "https://registry.npmjs.org/strict-uri-encode/-/strict-uri-encode-1.1.0.tgz",
      "integrity": "sha512-R3f198pcvnB+5IpnBlRkphuE9n46WyVl8I39W/ZUTZLz4nqSP/oLYUrcnJrw462Ds8he4YKMov2efsTIw1BDGQ=="
    },
    "tslib": {
      "version": "1.14.1",
      "resolved": "https://registry.npmjs.org/tslib/-/tslib-1.14.1.tgz",
      "integrity": "sha512-Xni35NKzjgMrwevysHTCArtLDpPvye8zV/0E4EyYn43P7/7qvQwPh9BGkHewbMulVntbigmcT7rdX3BNo9wRJg=="
    }
  }
}
